
Microsoft Visual Studio Solution File, Format Version 12.00
# Visual Studio Version 17
VisualStudioVersion = 17.10.35013.160
MinimumVisualStudioVersion = 10.0.40219.1
Project("{9A19103F-16F7-4668-BE54-9A1E7A4F7556}") = "Web.Api", "Web.Api\Web.Api.csproj", "{F2902D67-DAE5-4C41-AEC1-5A479ECB5C2C}"
EndProject
Project("{9A19103F-16F7-4668-BE54-9A1E7A4F7556}") = "Web.Api.Domain", "Web.Api.Domain\Web.Api.Domain.csproj", "{9476F836-7F37-483C-99CD-2A0B62E28CEC}"
EndProject
Project("{2150E333-8FDC-42A3-9474-1A3956D46DE8}") = "Tests", "Tests", "{6D01A34F-E6AC-4569-96A6-7C94D311E661}"
EndProject
Project("{9A19103F-16F7-4668-BE54-9A1E7A4F7556}") = "Web.Api.Domain.Tests", "Web.Api.Domain.Tests\Web.Api.Domain.Tests.csproj", "{68C2758A-5E1D-4B17-B9BE-F566E1AA9EEB}"
EndProject
Project("{9A19103F-16F7-4668-BE54-9A1E7A4F7556}") = "ApiMetaData", "..\..\Utility\ApiMetaData\ApiMetaData.csproj", "{963507EA-A418-43E7-B828-720BC46AADA3}"
EndProject
Project("{FAE04EC0-301F-11D3-BF4B-00C04F79EFBC}") = "WebApiAnalysis", "WebApiAnalysis\WebApiAnalysis.csproj", "{B175850F-8ACB-4160-8E5E-C79F827E346B}"
EndProject
Project("{FAE04EC0-301F-11D3-BF4B-00C04F79EFBC}") = "AuthProvider", "Web.Api.Providers\AuthProvider\AuthProvider.csproj", "{503E6157-30F7-413B-A6A7-96139F376BB8}"
EndProject
Project("{FAE04EC0-301F-11D3-BF4B-00C04F79EFBC}") = "Web.Api.Common", "Web.Api.Common\Web.Api.Common.csproj", "{0C507503-5AEB-421C-82EA-2D0AD6460C9B}"
EndProject
Project("{FAE04EC0-301F-11D3-BF4B-00C04F79EFBC}") = "Codegen.Common", "Codegen.Common\Codegen.Common.csproj", "{40DFAFB6-3878-42BC-8EAA-FD2EA5B86F10}"
EndProject
Project("{FAE04EC0-301F-11D3-BF4B-00C04F79EFBC}") = "Codegen.Output", "Codegen.Output\Codegen.Output.csproj", "{4A7EDFA1-E517-4211-A04A-E88D8D5A93C2}"
EndProject
Project("{2150E333-8FDC-42A3-9474-1A3956D46DE8}") = "Solution Items", "Solution Items", "{8EC462FD-D22E-90A8-E5CE-7E832BA40C5D}"
	ProjectSection(SolutionItems) = preProject
		README.txt = README.txt
	EndProjectSection
EndProject
Global
	GlobalSection(SolutionConfigurationPlatforms) = preSolution
		Debug|Any CPU = Debug|Any CPU
		Release|Any CPU = Release|Any CPU
	EndGlobalSection
	GlobalSection(ProjectConfigurationPlatforms) = postSolution
		{F2902D67-DAE5-4C41-AEC1-5A479ECB5C2C}.Debug|Any CPU.ActiveCfg = Debug|Any CPU
		{F2902D67-DAE5-4C41-AEC1-5A479ECB5C2C}.Debug|Any CPU.Build.0 = Debug|Any CPU
		{F2902D67-DAE5-4C41-AEC1-5A479ECB5C2C}.Release|Any CPU.ActiveCfg = Release|Any CPU
		{F2902D67-DAE5-4C41-AEC1-5A479ECB5C2C}.Release|Any CPU.Build.0 = Release|Any CPU
		{9476F836-7F37-483C-99CD-2A0B62E28CEC}.Debug|Any CPU.ActiveCfg = Debug|Any CPU
		{9476F836-7F37-483C-99CD-2A0B62E28CEC}.Debug|Any CPU.Build.0 = Debug|Any CPU
		{9476F836-7F37-483C-99CD-2A0B62E28CEC}.Release|Any CPU.ActiveCfg = Release|Any CPU
		{9476F836-7F37-483C-99CD-2A0B62E28CEC}.Release|Any CPU.Build.0 = Release|Any CPU
		{68C2758A-5E1D-4B17-B9BE-F566E1AA9EEB}.Debug|Any CPU.ActiveCfg = Debug|Any CPU
		{68C2758A-5E1D-4B17-B9BE-F566E1AA9EEB}.Debug|Any CPU.Build.0 = Debug|Any CPU
		{68C2758A-5E1D-4B17-B9BE-F566E1AA9EEB}.Release|Any CPU.ActiveCfg = Release|Any CPU
		{68C2758A-5E1D-4B17-B9BE-F566E1AA9EEB}.Release|Any CPU.Build.0 = Release|Any CPU
		{963507EA-A418-43E7-B828-720BC46AADA3}.Debug|Any CPU.ActiveCfg = Debug|Any CPU
		{963507EA-A418-43E7-B828-720BC46AADA3}.Debug|Any CPU.Build.0 = Debug|Any CPU
		{963507EA-A418-43E7-B828-720BC46AADA3}.Release|Any CPU.ActiveCfg = Release|Any CPU
		{963507EA-A418-43E7-B828-720BC46AADA3}.Release|Any CPU.Build.0 = Release|Any CPU
		{B175850F-8ACB-4160-8E5E-C79F827E346B}.Debug|Any CPU.ActiveCfg = Debug|Any CPU
		{B175850F-8ACB-4160-8E5E-C79F827E346B}.Debug|Any CPU.Build.0 = Debug|Any CPU
		{B175850F-8ACB-4160-8E5E-C79F827E346B}.Release|Any CPU.ActiveCfg = Release|Any CPU
		{B175850F-8ACB-4160-8E5E-C79F827E346B}.Release|Any CPU.Build.0 = Release|Any CPU
		{503E6157-30F7-413B-A6A7-96139F376BB8}.Debug|Any CPU.ActiveCfg = Debug|Any CPU
		{503E6157-30F7-413B-A6A7-96139F376BB8}.Debug|Any CPU.Build.0 = Debug|Any CPU
		{503E6157-30F7-413B-A6A7-96139F376BB8}.Release|Any CPU.ActiveCfg = Release|Any CPU
		{503E6157-30F7-413B-A6A7-96139F376BB8}.Release|Any CPU.Build.0 = Release|Any CPU
		{0C507503-5AEB-421C-82EA-2D0AD6460C9B}.Debug|Any CPU.ActiveCfg = Debug|Any CPU
		{0C507503-5AEB-421C-82EA-2D0AD6460C9B}.Debug|Any CPU.Build.0 = Debug|Any CPU
		{0C507503-5AEB-421C-82EA-2D0AD6460C9B}.Release|Any CPU.ActiveCfg = Release|Any CPU
		{0C507503-5AEB-421C-82EA-2D0AD6460C9B}.Release|Any CPU.Build.0 = Release|Any CPU
		{40DFAFB6-3878-42BC-8EAA-FD2EA5B86F10}.Debug|Any CPU.ActiveCfg = Debug|Any CPU
		{40DFAFB6-3878-42BC-8EAA-FD2EA5B86F10}.Debug|Any CPU.Build.0 = Debug|Any CPU
		{40DFAFB6-3878-42BC-8EAA-FD2EA5B86F10}.Release|Any CPU.ActiveCfg = Release|Any CPU
		{40DFAFB6-3878-42BC-8EAA-FD2EA5B86F10}.Release|Any CPU.Build.0 = Release|Any CPU
		{4A7EDFA1-E517-4211-A04A-E88D8D5A93C2}.Debug|Any CPU.ActiveCfg = Debug|Any CPU
		{4A7EDFA1-E517-4211-A04A-E88D8D5A93C2}.Release|Any CPU.ActiveCfg = Release|Any CPU
		{4A7EDFA1-E517-4211-A04A-E88D8D5A93C2}.Release|Any CPU.Build.0 = Release|Any CPU
	EndGlobalSection
	GlobalSection(SolutionProperties) = preSolution
		HideSolutionNode = FALSE
	EndGlobalSection
	GlobalSection(NestedProjects) = preSolution
		{68C2758A-5E1D-4B17-B9BE-F566E1AA9EEB} = {6D01A34F-E6AC-4569-96A6-7C94D311E661}
	EndGlobalSection
	GlobalSection(ExtensibilityGlobals) = postSolution
		SolutionGuid = {8F8D1108-E58F-4C81-8534-B194FB340476}
	EndGlobalSection
EndGlobal
