
Microsoft Visual Studio Solution File, Format Version 12.00
# Visual Studio Version 17
VisualStudioVersion = 17.10.35013.160
MinimumVisualStudioVersion = 10.0.40219.1
Project("{9A19103F-16F7-4668-BE54-9A1E7A4F7556}") = "Web.Api", "Web.Api\Web.Api.csproj", "{F2902D67-DAE5-4C41-AEC1-5A479ECB5C2C}"
EndProject
Project("{9A19103F-16F7-4668-BE54-9A1E7A4F7556}") = "Web.Api.Domain", "Web.Api.Domain\Web.Api.Domain.csproj", "{9476F836-7F37-483C-99CD-2A0B62E28CEC}"
EndProject
Project("{2150E333-8FDC-42A3-9474-1A3956D46DE8}") = "Tests", "Tests", "{6D01A34F-E6AC-4569-96A6-7C94D311E661}"
EndProject
Project("{FAE04EC0-301F-11D3-BF4B-00C04F79EFBC}") = "Web.Api.Domain.Tests", "Web.Api.Domain.Tests\Web.Api.Domain.Tests.csproj", "{68C2758A-5E1D-4B17-B9BE-F566E1AA9EEB}"
EndProject
Global
	GlobalSection(SolutionConfigurationPlatforms) = preSolution
		Debug|Any CPU = Debug|Any CPU
		Release|Any CPU = Release|Any CPU
	EndGlobalSection
	GlobalSection(ProjectConfigurationPlatforms) = postSolution
		{F2902D67-DAE5-4C41-AEC1-5A479ECB5C2C}.Debug|Any CPU.ActiveCfg = Debug|Any CPU
		{F2902D67-DAE5-4C41-AEC1-5A479ECB5C2C}.Debug|Any CPU.Build.0 = Debug|Any CPU
		{F2902D67-DAE5-4C41-AEC1-5A479ECB5C2C}.Release|Any CPU.ActiveCfg = Release|Any CPU
		{F2902D67-DAE5-4C41-AEC1-5A479ECB5C2C}.Release|Any CPU.Build.0 = Release|Any CPU
		{9476F836-7F37-483C-99CD-2A0B62E28CEC}.Debug|Any CPU.ActiveCfg = Debug|Any CPU
		{9476F836-7F37-483C-99CD-2A0B62E28CEC}.Debug|Any CPU.Build.0 = Debug|Any CPU
		{9476F836-7F37-483C-99CD-2A0B62E28CEC}.Release|Any CPU.ActiveCfg = Release|Any CPU
		{9476F836-7F37-483C-99CD-2A0B62E28CEC}.Release|Any CPU.Build.0 = Release|Any CPU
		{68C2758A-5E1D-4B17-B9BE-F566E1AA9EEB}.Debug|Any CPU.ActiveCfg = Debug|Any CPU
		{68C2758A-5E1D-4B17-B9BE-F566E1AA9EEB}.Debug|Any CPU.Build.0 = Debug|Any CPU
		{68C2758A-5E1D-4B17-B9BE-F566E1AA9EEB}.Release|Any CPU.ActiveCfg = Release|Any CPU
		{68C2758A-5E1D-4B17-B9BE-F566E1AA9EEB}.Release|Any CPU.Build.0 = Release|Any CPU
	EndGlobalSection
	GlobalSection(SolutionProperties) = preSolution
		HideSolutionNode = FALSE
	EndGlobalSection
	GlobalSection(NestedProjects) = preSolution
		{68C2758A-5E1D-4B17-B9BE-F566E1AA9EEB} = {6D01A34F-E6AC-4569-96A6-7C94D311E661}
	EndGlobalSection
	GlobalSection(ExtensibilityGlobals) = postSolution
		SolutionGuid = {8F8D1108-E58F-4C81-8534-B194FB340476}
	EndGlobalSection
EndGlobal
